// !$*UTF8*$!
{
	archiveVersion = 1;
	classes = {
	};
	objectVersion = 46;
	objects = {

/* Begin PBXBuildFile section */
		2E0547331ABF806800416976 /* AppDelegate.swift in Sources */ = {isa = PBXBuildFile; fileRef = 2E0547321ABF806800416976 /* AppDelegate.swift */; };
		2E0547361ABF806800416976 /* WordWorld.xcdatamodeld in Sources */ = {isa = PBXBuildFile; fileRef = 2E0547341ABF806800416976 /* WordWorld.xcdatamodeld */; };
		2E0547381ABF806800416976 /* ViewController.swift in Sources */ = {isa = PBXBuildFile; fileRef = 2E0547371ABF806800416976 /* ViewController.swift */; };
		2E05473B1ABF806800416976 /* Main.storyboard in Resources */ = {isa = PBXBuildFile; fileRef = 2E0547391ABF806800416976 /* Main.storyboard */; };
		2E05473D1ABF806800416976 /* Images.xcassets in Resources */ = {isa = PBXBuildFile; fileRef = 2E05473C1ABF806800416976 /* Images.xcassets */; };
		2E0547401ABF806800416976 /* LaunchScreen.xib in Resources */ = {isa = PBXBuildFile; fileRef = 2E05473E1ABF806800416976 /* LaunchScreen.xib */; };
		2E05474C1ABF806800416976 /* WordWorldTests.swift in Sources */ = {isa = PBXBuildFile; fileRef = 2E05474B1ABF806800416976 /* WordWorldTests.swift */; };
/* End PBXBuildFile section */

/* Begin PBXContainerItemProxy section */
		2E0547461ABF806800416976 /* PBXContainerItemProxy */ = {
			isa = PBXContainerItemProxy;
			containerPortal = 2E0547251ABF806800416976 /* Project object */;
			proxyType = 1;
			remoteGlobalIDString = 2E05472C1ABF806800416976;
			remoteInfo = WordWorld;
		};
/* End PBXContainerItemProxy section */

/* Begin PBXFileReference section */
		2E05472D1ABF806800416976 /* WordWorld.app */ = {isa = PBXFileReference; explicitFileType = wrapper.application; includeInIndex = 0; path = WordWorld.app; sourceTree = BUILT_PRODUCTS_DIR; };
		2E0547311ABF806800416976 /* Info.plist */ = {isa = PBXFileReference; lastKnownFileType = text.plist.xml; path = Info.plist; sourceTree = "<group>"; };
		2E0547321ABF806800416976 /* AppDelegate.swift */ = {isa = PBXFileReference; lastKnownFileType = sourcecode.swift; path = AppDelegate.swift; sourceTree = "<group>"; };
		2E0547351ABF806800416976 /* WordWorld.xcdatamodel */ = {isa = PBXFileReference; lastKnownFileType = wrapper.xcdatamodel; path = WordWorld.xcdatamodel; sourceTree = "<group>"; };
		2E0547371ABF806800416976 /* ViewController.swift */ = {isa = PBXFileReference; lastKnownFileType = sourcecode.swift; path = ViewController.swift; sourceTree = "<group>"; };
		2E05473A1ABF806800416976 /* Base */ = {isa = PBXFileReference; lastKnownFileType = file.storyboard; name = Base; path = Base.lproj/Main.storyboard; sourceTree = "<group>"; };
		2E05473C1ABF806800416976 /* Images.xcassets */ = {isa = PBXFileReference; lastKnownFileType = folder.assetcatalog; path = Images.xcassets; sourceTree = "<group>"; };
		2E05473F1ABF806800416976 /* Base */ = {isa = PBXFileReference; lastKnownFileType = file.xib; name = Base; path = Base.lproj/LaunchScreen.xib; sourceTree = "<group>"; };
		2E0547451ABF806800416976 /* WordWorldTests.xctest */ = {isa = PBXFileReference; explicitFileType = wrapper.cfbundle; includeInIndex = 0; path = WordWorldTests.xctest; sourceTree = BUILT_PRODUCTS_DIR; };
		2E05474A1ABF806800416976 /* Info.plist */ = {isa = PBXFileReference; lastKnownFileType = text.plist.xml; path = Info.plist; sourceTree = "<group>"; };
		2E05474B1ABF806800416976 /* WordWorldTests.swift */ = {isa = PBXFileReference; lastKnownFileType = sourcecode.swift; path = WordWorldTests.swift; sourceTree = "<group>"; };
/* End PBXFileReference section */

/* Begin PBXFrameworksBuildPhase section */
		2E05472A1ABF806800416976 /* Frameworks */ = {
			isa = PBXFrameworksBuildPhase;
			buildActionMask = 2147483647;
			files = (
			);
			runOnlyForDeploymentPostprocessing = 0;
		};
		2E0547421ABF806800416976 /* Frameworks */ = {
			isa = PBXFrameworksBuildPhase;
			buildActionMask = 2147483647;
			files = (
			);
			runOnlyForDeploymentPostprocessing = 0;
		};
/* End PBXFrameworksBuildPhase section */

/* Begin PBXGroup section */
		2E0547241ABF806800416976 = {
			isa = PBXGroup;
			children = (
				2E05472F1ABF806800416976 /* WordWorld */,
				2E0547481ABF806800416976 /* WordWorldTests */,
				2E05472E1ABF806800416976 /* Products */,
			);
			sourceTree = "<group>";
		};
		2E05472E1ABF806800416976 /* Products */ = {
			isa = PBXGroup;
			children = (
				2E05472D1ABF806800416976 /* WordWorld.app */,
				2E0547451ABF806800416976 /* WordWorldTests.xctest */,
			);
			name = Products;
			sourceTree = "<group>";
		};
		2E05472F1ABF806800416976 /* WordWorld */ = {
			isa = PBXGroup;
			children = (
				2E0547321ABF806800416976 /* AppDelegate.swift */,
				2E0547371ABF806800416976 /* ViewController.swift */,
				2E0547391ABF806800416976 /* Main.storyboard */,
				2E05473C1ABF806800416976 /* Images.xcassets */,
				2E05473E1ABF806800416976 /* LaunchScreen.xib */,
				2E0547341ABF806800416976 /* WordWorld.xcdatamodeld */,
				2E0547301ABF806800416976 /* Supporting Files */,
			);
			path = WordWorld;
			sourceTree = "<group>";
		};
		2E0547301ABF806800416976 /* Supporting Files */ = {
			isa = PBXGroup;
			children = (
				2E0547311ABF806800416976 /* Info.plist */,
			);
			name = "Supporting Files";
			sourceTree = "<group>";
		};
		2E0547481ABF806800416976 /* WordWorldTests */ = {
			isa = PBXGroup;
			children = (
				2E05474B1ABF806800416976 /* WordWorldTests.swift */,
				2E0547491ABF806800416976 /* Supporting Files */,
			);
			path = WordWorldTests;
			sourceTree = "<group>";
		};
		2E0547491ABF806800416976 /* Supporting Files */ = {
			isa = PBXGroup;
			children = (
				2E05474A1ABF806800416976 /* Info.plist */,
			);
			name = "Supporting Files";
			sourceTree = "<group>";
		};
/* End PBXGroup section */

/* Begin PBXNativeTarget section */
		2E05472C1ABF806800416976 /* WordWorld */ = {
			isa = PBXNativeTarget;
			buildConfigurationList = 2E05474F1ABF806800416976 /* Build configuration list for PBXNativeTarget "WordWorld" */;
			buildPhases = (
				2E0547291ABF806800416976 /* Sources */,
				2E05472A1ABF806800416976 /* Frameworks */,
				2E05472B1ABF806800416976 /* Resources */,
			);
			buildRules = (
			);
			dependencies = (
			);
			name = WordWorld;
			productName = WordWorld;
			productReference = 2E05472D1ABF806800416976 /* WordWorld.app */;
			productType = "com.apple.product-type.application";
		};
		2E0547441ABF806800416976 /* WordWorldTests */ = {
			isa = PBXNativeTarget;
			buildConfigurationList = 2E0547521ABF806800416976 /* Build configuration list for PBXNativeTarget "WordWorldTests" */;
			buildPhases = (
				2E0547411ABF806800416976 /* Sources */,
				2E0547421ABF806800416976 /* Frameworks */,
				2E0547431ABF806800416976 /* Resources */,
			);
			buildRules = (
			);
			dependencies = (
				2E0547471ABF806800416976 /* PBXTargetDependency */,
			);
			name = WordWorldTests;
			productName = WordWorldTests;
			productReference = 2E0547451ABF806800416976 /* WordWorldTests.xctest */;
			productType = "com.apple.product-type.bundle.unit-test";
		};
/* End PBXNativeTarget section */

/* Begin PBXProject section */
		2E0547251ABF806800416976 /* Project object */ = {
			isa = PBXProject;
			attributes = {
				LastUpgradeCheck = 0620;
				ORGANIZATIONNAME = "Hear a Tale";
				TargetAttributes = {
					2E05472C1ABF806800416976 = {
						CreatedOnToolsVersion = 6.2;
					};
					2E0547441ABF806800416976 = {
						CreatedOnToolsVersion = 6.2;
						TestTargetID = 2E05472C1ABF806800416976;
					};
				};
			};
			buildConfigurationList = 2E0547281ABF806800416976 /* Build configuration list for PBXProject "WordWorld" */;
			compatibilityVersion = "Xcode 3.2";
			developmentRegion = English;
			hasScannedForEncodings = 0;
			knownRegions = (
				en,
				Base,
			);
			mainGroup = 2E0547241ABF806800416976;
			productRefGroup = 2E05472E1ABF806800416976 /* Products */;
			projectDirPath = "";
			projectRoot = "";
			targets = (
				2E05472C1ABF806800416976 /* WordWorld */,
				2E0547441ABF806800416976 /* WordWorldTests */,
			);
		};
/* End PBXProject section */

/* Begin PBXResourcesBuildPhase section */
		2E05472B1ABF806800416976 /* Resources */ = {
			isa = PBXResourcesBuildPhase;
			buildActionMask = 2147483647;
			files = (
				2E05473B1ABF806800416976 /* Main.storyboard in Resources */,
				2E0547401ABF806800416976 /* LaunchScreen.xib in Resources */,
				2E05473D1ABF806800416976 /* Images.xcassets in Resources */,
			);
			runOnlyForDeploymentPostprocessing = 0;
		};
		2E0547431ABF806800416976 /* Resources */ = {
			isa = PBXResourcesBuildPhase;
			buildActionMask = 2147483647;
			files = (
			);
			runOnlyForDeploymentPostprocessing = 0;
		};
/* End PBXResourcesBuildPhase section */

/* Begin PBXSourcesBuildPhase section */
		2E0547291ABF806800416976 /* Sources */ = {
			isa = PBXSourcesBuildPhase;
			buildActionMask = 2147483647;
			files = (
				2E0547381ABF806800416976 /* ViewController.swift in Sources */,
				2E0547361ABF806800416976 /* WordWorld.xcdatamodeld in Sources */,
				2E0547331ABF806800416976 /* AppDelegate.swift in Sources */,
			);
			runOnlyForDeploymentPostprocessing = 0;
		};
		2E0547411ABF806800416976 /* Sources */ = {
			isa = PBXSourcesBuildPhase;
			buildActionMask = 2147483647;
			files = (
				2E05474C1ABF806800416976 /* WordWorldTests.swift in Sources */,
			);
			runOnlyForDeploymentPostprocessing = 0;
		};
/* End PBXSourcesBuildPhase section */

/* Begin PBXTargetDependency section */
		2E0547471ABF806800416976 /* PBXTargetDependency */ = {
			isa = PBXTargetDependency;
			target = 2E05472C1ABF806800416976 /* WordWorld */;
			targetProxy = 2E0547461ABF806800416976 /* PBXContainerItemProxy */;
		};
/* End PBXTargetDependency section */

/* Begin PBXVariantGroup section */
		2E0547391ABF806800416976 /* Main.storyboard */ = {
			isa = PBXVariantGroup;
			children = (
				2E05473A1ABF806800416976 /* Base */,
			);
			name = Main.storyboard;
			sourceTree = "<group>";
		};
		2E05473E1ABF806800416976 /* LaunchScreen.xib */ = {
			isa = PBXVariantGroup;
			children = (
				2E05473F1ABF806800416976 /* Base */,
			);
			name = LaunchScreen.xib;
			sourceTree = "<group>";
		};
/* End PBXVariantGroup section */

/* Begin XCBuildConfiguration section */
		2E05474D1ABF806800416976 /* Debug */ = {
			isa = XCBuildConfiguration;
			buildSettings = {
				ALWAYS_SEARCH_USER_PATHS = NO;
				CLANG_CXX_LANGUAGE_STANDARD = "gnu++0x";
				CLANG_CXX_LIBRARY = "libc++";
				CLANG_ENABLE_MODULES = YES;
				CLANG_ENABLE_OBJC_ARC = YES;
				CLANG_WARN_BOOL_CONVERSION = YES;
				CLANG_WARN_CONSTANT_CONVERSION = YES;
				CLANG_WARN_DIRECT_OBJC_ISA_USAGE = YES_ERROR;
				CLANG_WARN_EMPTY_BODY = YES;
				CLANG_WARN_ENUM_CONVERSION = YES;
				CLANG_WARN_INT_CONVERSION = YES;
				CLANG_WARN_OBJC_ROOT_CLASS = YES_ERROR;
				CLANG_WARN_UNREACHABLE_CODE = YES;
				CLANG_WARN__DUPLICATE_METHOD_MATCH = YES;
				"CODE_SIGN_IDENTITY[sdk=iphoneos*]" = "iPhone Developer";
				COPY_PHASE_STRIP = NO;
				ENABLE_STRICT_OBJC_MSGSEND = YES;
				GCC_C_LANGUAGE_STANDARD = gnu99;
				GCC_DYNAMIC_NO_PIC = NO;
				GCC_OPTIMIZATION_LEVEL = 0;
				GCC_PREPROCESSOR_DEFINITIONS = (
					"DEBUG=1",
					"$(inherited)",
				);
				GCC_SYMBOLS_PRIVATE_EXTERN = NO;
				GCC_WARN_64_TO_32_BIT_CONVERSION = YES;
				GCC_WARN_ABOUT_RETURN_TYPE = YES_ERROR;
				GCC_WARN_UNDECLARED_SELECTOR = YES;
				GCC_WARN_UNINITIALIZED_AUTOS = YES_AGGRESSIVE;
				GCC_WARN_UNUSED_FUNCTION = YES;
				GCC_WARN_UNUSED_VARIABLE = YES;
				IPHONEOS_DEPLOYMENT_TARGET = 8.2;
				MTL_ENABLE_DEBUG_INFO = YES;
				ONLY_ACTIVE_ARCH = YES;
				SDKROOT = iphoneos;
				SWIFT_OPTIMIZATION_LEVEL = "-Onone";
				TARGETED_DEVICE_FAMILY = "1,2";
			};
			name = Debug;
		};
		2E05474E1ABF806800416976 /* Release */ = {
			isa = XCBuildConfiguration;
			buildSettings = {
				ALWAYS_SEARCH_USER_PATHS = NO;
				CLANG_CXX_LANGUAGE_STANDARD = "gnu++0x";
				CLANG_CXX_LIBRARY = "libc++";
				CLANG_ENABLE_MODULES = YES;
				CLANG_ENABLE_OBJC_ARC = YES;
				CLANG_WARN_BOOL_CONVERSION = YES;
				CLANG_WARN_CONSTANT_CONVERSION = YES;
				CLANG_WARN_DIRECT_OBJC_ISA_USAGE = YES_ERROR;
				CLANG_WARN_EMPTY_BODY = YES;
				CLANG_WARN_ENUM_CONVERSION = YES;
				CLANG_WARN_INT_CONVERSION = YES;
				CLANG_WARN_OBJC_ROOT_CLASS = YES_ERROR;
				CLANG_WARN_UNREACHABLE_CODE = YES;
				CLANG_WARN__DUPLICATE_METHOD_MATCH = YES;
				"CODE_SIGN_IDENTITY[sdk=iphoneos*]" = "iPhone Developer";
				COPY_PHASE_STRIP = NO;
				ENABLE_NS_ASSERTIONS = NO;
				ENABLE_STRICT_OBJC_MSGSEND = YES;
				GCC_C_LANGUAGE_STANDARD = gnu99;
				GCC_WARN_64_TO_32_BIT_CONVERSION = YES;
				GCC_WARN_ABOUT_RETURN_TYPE = YES_ERROR;
				GCC_WARN_UNDECLARED_SELECTOR = YES;
				GCC_WARN_UNINITIALIZED_AUTOS = YES_AGGRESSIVE;
				GCC_WARN_UNUSED_FUNCTION = YES;
				GCC_WARN_UNUSED_VARIABLE = YES;
				IPHONEOS_DEPLOYMENT_TARGET = 8.2;
				MTL_ENABLE_DEBUG_INFO = NO;
				SDKROOT = iphoneos;
				TARGETED_DEVICE_FAMILY = "1,2";
				VALIDATE_PRODUCT = YES;
			};
			name = Release;
		};
		2E0547501ABF806800416976 /* Debug */ = {
			isa = XCBuildConfiguration;
			buildSettings = {
				ASSETCATALOG_COMPILER_APPICON_NAME = AppIcon;
				INFOPLIST_FILE = WordWorld/Info.plist;
				LD_RUNPATH_SEARCH_PATHS = "$(inherited) @executable_path/Frameworks";
				PRODUCT_NAME = "$(TARGET_NAME)";
			};
			name = Debug;
		};
		2E0547511ABF806800416976 /* Release */ = {
			isa = XCBuildConfiguration;
			buildSettings = {
				ASSETCATALOG_COMPILER_APPICON_NAME = AppIcon;
				INFOPLIST_FILE = WordWorld/Info.plist;
				LD_RUNPATH_SEARCH_PATHS = "$(inherited) @executable_path/Frameworks";
				PRODUCT_NAME = "$(TARGET_NAME)";
			};
			name = Release;
		};
		2E0547531ABF806800416976 /* Debug */ = {
			isa = XCBuildConfiguration;
			buildSettings = {
				BUNDLE_LOADER = "$(TEST_HOST)";
				FRAMEWORK_SEARCH_PATHS = (
					"$(SDKROOT)/Developer/Library/Frameworks",
					"$(inherited)",
				);
				GCC_PREPROCESSOR_DEFINITIONS = (
					"DEBUG=1",
					"$(inherited)",
				);
				INFOPLIST_FILE = WordWorldTests/Info.plist;
				LD_RUNPATH_SEARCH_PATHS = "$(inherited) @executable_path/Frameworks @loader_path/Frameworks";
				PRODUCT_NAME = "$(TARGET_NAME)";
				TEST_HOST = "$(BUILT_PRODUCTS_DIR)/WordWorld.app/WordWorld";
			};
			name = Debug;
		};
		2E0547541ABF806800416976 /* Release */ = {
			isa = XCBuildConfiguration;
			buildSettings = {
				BUNDLE_LOADER = "$(TEST_HOST)";
				FRAMEWORK_SEARCH_PATHS = (
					"$(SDKROOT)/Developer/Library/Frameworks",
					"$(inherited)",
				);
				INFOPLIST_FILE = WordWorldTests/Info.plist;
				LD_RUNPATH_SEARCH_PATHS = "$(inherited) @executable_path/Frameworks @loader_path/Frameworks";
				PRODUCT_NAME = "$(TARGET_NAME)";
				TEST_HOST = "$(BUILT_PRODUCTS_DIR)/WordWorld.app/WordWorld";
			};
			name = Release;
		};
/* End XCBuildConfiguration section */

/* Begin XCConfigurationList section */
		2E0547281ABF806800416976 /* Build configuration list for PBXProject "WordWorld" */ = {
			isa = XCConfigurationList;
			buildConfigurations = (
				2E05474D1ABF806800416976 /* Debug */,
				2E05474E1ABF806800416976 /* Release */,
			);
			defaultConfigurationIsVisible = 0;
			defaultConfigurationName = Release;
		};
		2E05474F1ABF806800416976 /* Build configuration list for PBXNativeTarget "WordWorld" */ = {
			isa = XCConfigurationList;
			buildConfigurations = (
				2E0547501ABF806800416976 /* Debug */,
				2E0547511ABF806800416976 /* Release */,
			);
			defaultConfigurationIsVisible = 0;
		};
		2E0547521ABF806800416976 /* Build configuration list for PBXNativeTarget "WordWorldTests" */ = {
			isa = XCConfigurationList;
			buildConfigurations = (
				2E0547531ABF806800416976 /* Debug */,
				2E0547541ABF806800416976 /* Release */,
			);
			defaultConfigurationIsVisible = 0;
		};
/* End XCConfigurationList section */

/* Begin XCVersionGroup section */
		2E0547341ABF806800416976 /* WordWorld.xcdatamodeld */ = {
			isa = XCVersionGroup;
			children = (
				2E0547351ABF806800416976 /* WordWorld.xcdatamodel */,
			);
			currentVersion = 2E0547351ABF806800416976 /* WordWorld.xcdatamodel */;
			path = WordWorld.xcdatamodeld;
			sourceTree = "<group>";
			versionGroupType = wrapper.xcdatamodel;
		};
/* End XCVersionGroup section */
	};
	rootObject = 2E0547251ABF806800416976 /* Project object */;
}
