// !$*UTF8*$!
{
	archiveVersion = 1;
	classes = {
	};
	objectVersion = 46;
	objects = {

/* Begin PBXBuildFile section */
		2E0547331ABF806800416976 /* AppDelegate.swift in Sources */ = {isa = PBXBuildFile; fileRef = 2E0547321ABF806800416976 /* AppDelegate.swift */; };
		2E0547361ABF806800416976 /* WordWorld.xcdatamodeld in Sources */ = {isa = PBXBuildFile; fileRef = 2E0547341ABF806800416976 /* WordWorld.xcdatamodeld */; };
		2E0547381ABF806800416976 /* ViewController.swift in Sources */ = {isa = PBXBuildFile; fileRef = 2E0547371ABF806800416976 /* ViewController.swift */; };
		2E05473B1ABF806800416976 /* Main.storyboard in Resources */ = {isa = PBXBuildFile; fileRef = 2E0547391ABF806800416976 /* Main.storyboard */; };
		2E05473D1ABF806800416976 /* Images.xcassets in Resources */ = {isa = PBXBuildFile; fileRef = 2E05473C1ABF806800416976 /* Images.xcassets */; };
		2E0547401ABF806800416976 /* LaunchScreen.xib in Resources */ = {isa = PBXBuildFile; fileRef = 2E05473E1ABF806800416976 /* LaunchScreen.xib */; };
		2E05474C1ABF806800416976 /* WordWorldTests.swift in Sources */ = {isa = PBXBuildFile; fileRef = 2E05474B1ABF806800416976 /* WordWorldTests.swift */; };
		2EA071971ABF985B00EADCAF /* WordGridViewController.swift in Sources */ = {isa = PBXBuildFile; fileRef = 2EA071961ABF985B00EADCAF /* WordGridViewController.swift */; };
		2EA071D01ABFB1C300EADCAF /* CategoryViewController.swift in Sources */ = {isa = PBXBuildFile; fileRef = 2EA071CF1ABFB1C300EADCAF /* CategoryViewController.swift */; };
		2EA072241ABFB29A00EADCAF /* backpack.png in Resources */ = {isa = PBXBuildFile; fileRef = 2EA072091ABFB29A00EADCAF /* backpack.png */; };
		2EA072251ABFB29A00EADCAF /* break.png in Resources */ = {isa = PBXBuildFile; fileRef = 2EA0720A1ABFB29A00EADCAF /* break.png */; };
		2EA072261ABFB29A00EADCAF /* brush.png in Resources */ = {isa = PBXBuildFile; fileRef = 2EA0720B1ABFB29A00EADCAF /* brush.png */; };
		2EA072271ABFB29A00EADCAF /* key.png in Resources */ = {isa = PBXBuildFile; fileRef = 2EA0720C1ABFB29A00EADCAF /* key.png */; };
		2EA072281ABFB29A00EADCAF /* Kitten - Imagines thumbnail.png in Resources */ = {isa = PBXBuildFile; fileRef = 2EA0720D1ABFB29A00EADCAF /* Kitten - Imagines thumbnail.png */; };
		2EA072291ABFB29A00EADCAF /* knife.png in Resources */ = {isa = PBXBuildFile; fileRef = 2EA0720E1ABFB29A00EADCAF /* knife.png */; };
		2EA0722A1ABFB29A00EADCAF /* mirror.png in Resources */ = {isa = PBXBuildFile; fileRef = 2EA0720F1ABFB29A00EADCAF /* mirror.png */; };
		2EA0722B1ABFB29A00EADCAF /* pick.png in Resources */ = {isa = PBXBuildFile; fileRef = 2EA072101ABFB29A00EADCAF /* pick.png */; };
		2EA0722C1ABFB29A00EADCAF /* plug.png in Resources */ = {isa = PBXBuildFile; fileRef = 2EA072111ABFB29A00EADCAF /* plug.png */; };
		2EA0722D1ABFB29A00EADCAF /* pocket.png in Resources */ = {isa = PBXBuildFile; fileRef = 2EA072121ABFB29A00EADCAF /* pocket.png */; };
		2EA0722E1ABFB29A00EADCAF /* pour.png in Resources */ = {isa = PBXBuildFile; fileRef = 2EA072131ABFB29A00EADCAF /* pour.png */; };
		2EA0722F1ABFB29A00EADCAF /* rocket.png in Resources */ = {isa = PBXBuildFile; fileRef = 2EA072141ABFB29A00EADCAF /* rocket.png */; };
		2EA072301ABFB29A00EADCAF /* saddle (maybe).png in Resources */ = {isa = PBXBuildFile; fileRef = 2EA072151ABFB29A00EADCAF /* saddle (maybe).png */; };
		2EA072311ABFB29A00EADCAF /* scarf.png in Resources */ = {isa = PBXBuildFile; fileRef = 2EA072161ABFB29A00EADCAF /* scarf.png */; };
		2EA072321ABFB29A00EADCAF /* schoolbus.png in Resources */ = {isa = PBXBuildFile; fileRef = 2EA072171ABFB29A00EADCAF /* schoolbus.png */; };
		2EA072331ABFB29A00EADCAF /* screwdriver (tool).png in Resources */ = {isa = PBXBuildFile; fileRef = 2EA072181ABFB29A00EADCAF /* screwdriver (tool).png */; };
		2EA072341ABFB29A00EADCAF /* shovel.png in Resources */ = {isa = PBXBuildFile; fileRef = 2EA072191ABFB29A00EADCAF /* shovel.png */; };
		2EA072351ABFB29A00EADCAF /* sign (stop).png in Resources */ = {isa = PBXBuildFile; fileRef = 2EA0721A1ABFB29A00EADCAF /* sign (stop).png */; };
		2EA072361ABFB29A00EADCAF /* skateboard.png in Resources */ = {isa = PBXBuildFile; fileRef = 2EA0721B1ABFB29A00EADCAF /* skateboard.png */; };
		2EA072371ABFB29A00EADCAF /* slide.png in Resources */ = {isa = PBXBuildFile; fileRef = 2EA0721C1ABFB29A00EADCAF /* slide.png */; };
		2EA072381ABFB29A00EADCAF /* step.png in Resources */ = {isa = PBXBuildFile; fileRef = 2EA0721D1ABFB29A00EADCAF /* step.png */; };
		2EA072391ABFB29A00EADCAF /* swing.png in Resources */ = {isa = PBXBuildFile; fileRef = 2EA0721E1ABFB29A00EADCAF /* swing.png */; };
		2EA0723A1ABFB29A00EADCAF /* throw (first draft).png in Resources */ = {isa = PBXBuildFile; fileRef = 2EA0721F1ABFB29A00EADCAF /* throw (first draft).png */; };
		2EA0723B1ABFB29A00EADCAF /* tomato.png in Resources */ = {isa = PBXBuildFile; fileRef = 2EA072201ABFB29A00EADCAF /* tomato.png */; };
		2EA0723C1ABFB29A00EADCAF /* tricycle.png in Resources */ = {isa = PBXBuildFile; fileRef = 2EA072211ABFB29A00EADCAF /* tricycle.png */; };
		2EA0723D1ABFB29A00EADCAF /* wash.png in Resources */ = {isa = PBXBuildFile; fileRef = 2EA072221ABFB29A00EADCAF /* wash.png */; };
		2EA0723E1ABFB29A00EADCAF /* watermelon.png in Resources */ = {isa = PBXBuildFile; fileRef = 2EA072231ABFB29A00EADCAF /* watermelon.png */; };
/* End PBXBuildFile section */

/* Begin PBXContainerItemProxy section */
		2E0547461ABF806800416976 /* PBXContainerItemProxy */ = {
			isa = PBXContainerItemProxy;
			containerPortal = 2E0547251ABF806800416976 /* Project object */;
			proxyType = 1;
			remoteGlobalIDString = 2E05472C1ABF806800416976;
			remoteInfo = WordWorld;
		};
/* End PBXContainerItemProxy section */

/* Begin PBXFileReference section */
		2E05472D1ABF806800416976 /* WordWorld.app */ = {isa = PBXFileReference; explicitFileType = wrapper.application; includeInIndex = 0; path = WordWorld.app; sourceTree = BUILT_PRODUCTS_DIR; };
		2E0547311ABF806800416976 /* Info.plist */ = {isa = PBXFileReference; lastKnownFileType = text.plist.xml; path = Info.plist; sourceTree = "<group>"; };
		2E0547321ABF806800416976 /* AppDelegate.swift */ = {isa = PBXFileReference; lastKnownFileType = sourcecode.swift; path = AppDelegate.swift; sourceTree = "<group>"; };
		2E0547351ABF806800416976 /* WordWorld.xcdatamodel */ = {isa = PBXFileReference; lastKnownFileType = wrapper.xcdatamodel; path = WordWorld.xcdatamodel; sourceTree = "<group>"; };
		2E0547371ABF806800416976 /* ViewController.swift */ = {isa = PBXFileReference; lastKnownFileType = sourcecode.swift; path = ViewController.swift; sourceTree = "<group>"; };
		2E05473A1ABF806800416976 /* Base */ = {isa = PBXFileReference; lastKnownFileType = file.storyboard; name = Base; path = Base.lproj/Main.storyboard; sourceTree = "<group>"; };
		2E05473C1ABF806800416976 /* Images.xcassets */ = {isa = PBXFileReference; lastKnownFileType = folder.assetcatalog; path = Images.xcassets; sourceTree = "<group>"; };
		2E05473F1ABF806800416976 /* Base */ = {isa = PBXFileReference; lastKnownFileType = file.xib; name = Base; path = Base.lproj/LaunchScreen.xib; sourceTree = "<group>"; };
		2E0547451ABF806800416976 /* WordWorldTests.xctest */ = {isa = PBXFileReference; explicitFileType = wrapper.cfbundle; includeInIndex = 0; path = WordWorldTests.xctest; sourceTree = BUILT_PRODUCTS_DIR; };
		2E05474A1ABF806800416976 /* Info.plist */ = {isa = PBXFileReference; lastKnownFileType = text.plist.xml; path = Info.plist; sourceTree = "<group>"; };
		2E05474B1ABF806800416976 /* WordWorldTests.swift */ = {isa = PBXFileReference; lastKnownFileType = sourcecode.swift; path = WordWorldTests.swift; sourceTree = "<group>"; };
		2EA071961ABF985B00EADCAF /* WordGridViewController.swift */ = {isa = PBXFileReference; fileEncoding = 4; lastKnownFileType = sourcecode.swift; path = WordGridViewController.swift; sourceTree = "<group>"; };
		2EA071CF1ABFB1C300EADCAF /* CategoryViewController.swift */ = {isa = PBXFileReference; fileEncoding = 4; lastKnownFileType = sourcecode.swift; path = CategoryViewController.swift; sourceTree = "<group>"; };
		2EA072091ABFB29A00EADCAF /* backpack.png */ = {isa = PBXFileReference; lastKnownFileType = image.png; path = backpack.png; sourceTree = "<group>"; };
		2EA0720A1ABFB29A00EADCAF /* break.png */ = {isa = PBXFileReference; lastKnownFileType = image.png; path = break.png; sourceTree = "<group>"; };
		2EA0720B1ABFB29A00EADCAF /* brush.png */ = {isa = PBXFileReference; lastKnownFileType = image.png; path = brush.png; sourceTree = "<group>"; };
		2EA0720C1ABFB29A00EADCAF /* key.png */ = {isa = PBXFileReference; lastKnownFileType = image.png; path = key.png; sourceTree = "<group>"; };
		2EA0720D1ABFB29A00EADCAF /* Kitten - Imagines thumbnail.png */ = {isa = PBXFileReference; lastKnownFileType = image.png; path = "Kitten - Imagines thumbnail.png"; sourceTree = "<group>"; };
		2EA0720E1ABFB29A00EADCAF /* knife.png */ = {isa = PBXFileReference; lastKnownFileType = image.png; path = knife.png; sourceTree = "<group>"; };
		2EA0720F1ABFB29A00EADCAF /* mirror.png */ = {isa = PBXFileReference; lastKnownFileType = image.png; path = mirror.png; sourceTree = "<group>"; };
		2EA072101ABFB29A00EADCAF /* pick.png */ = {isa = PBXFileReference; lastKnownFileType = image.png; path = pick.png; sourceTree = "<group>"; };
		2EA072111ABFB29A00EADCAF /* plug.png */ = {isa = PBXFileReference; lastKnownFileType = image.png; path = plug.png; sourceTree = "<group>"; };
		2EA072121ABFB29A00EADCAF /* pocket.png */ = {isa = PBXFileReference; lastKnownFileType = image.png; path = pocket.png; sourceTree = "<group>"; };
		2EA072131ABFB29A00EADCAF /* pour.png */ = {isa = PBXFileReference; lastKnownFileType = image.png; path = pour.png; sourceTree = "<group>"; };
		2EA072141ABFB29A00EADCAF /* rocket.png */ = {isa = PBXFileReference; lastKnownFileType = image.png; path = rocket.png; sourceTree = "<group>"; };
		2EA072151ABFB29A00EADCAF /* saddle (maybe).png */ = {isa = PBXFileReference; lastKnownFileType = image.png; path = "saddle (maybe).png"; sourceTree = "<group>"; };
		2EA072161ABFB29A00EADCAF /* scarf.png */ = {isa = PBXFileReference; lastKnownFileType = image.png; path = scarf.png; sourceTree = "<group>"; };
		2EA072171ABFB29A00EADCAF /* schoolbus.png */ = {isa = PBXFileReference; lastKnownFileType = image.png; path = schoolbus.png; sourceTree = "<group>"; };
		2EA072181ABFB29A00EADCAF /* screwdriver (tool).png */ = {isa = PBXFileReference; lastKnownFileType = image.png; path = "screwdriver (tool).png"; sourceTree = "<group>"; };
		2EA072191ABFB29A00EADCAF /* shovel.png */ = {isa = PBXFileReference; lastKnownFileType = image.png; path = shovel.png; sourceTree = "<group>"; };
		2EA0721A1ABFB29A00EADCAF /* sign (stop).png */ = {isa = PBXFileReference; lastKnownFileType = image.png; path = "sign (stop).png"; sourceTree = "<group>"; };
		2EA0721B1ABFB29A00EADCAF /* skateboard.png */ = {isa = PBXFileReference; lastKnownFileType = image.png; path = skateboard.png; sourceTree = "<group>"; };
		2EA0721C1ABFB29A00EADCAF /* slide.png */ = {isa = PBXFileReference; lastKnownFileType = image.png; path = slide.png; sourceTree = "<group>"; };
		2EA0721D1ABFB29A00EADCAF /* step.png */ = {isa = PBXFileReference; lastKnownFileType = image.png; path = step.png; sourceTree = "<group>"; };
		2EA0721E1ABFB29A00EADCAF /* swing.png */ = {isa = PBXFileReference; lastKnownFileType = image.png; path = swing.png; sourceTree = "<group>"; };
		2EA0721F1ABFB29A00EADCAF /* throw (first draft).png */ = {isa = PBXFileReference; lastKnownFileType = image.png; path = "throw (first draft).png"; sourceTree = "<group>"; };
		2EA072201ABFB29A00EADCAF /* tomato.png */ = {isa = PBXFileReference; lastKnownFileType = image.png; path = tomato.png; sourceTree = "<group>"; };
		2EA072211ABFB29A00EADCAF /* tricycle.png */ = {isa = PBXFileReference; lastKnownFileType = image.png; path = tricycle.png; sourceTree = "<group>"; };
		2EA072221ABFB29A00EADCAF /* wash.png */ = {isa = PBXFileReference; lastKnownFileType = image.png; path = wash.png; sourceTree = "<group>"; };
		2EA072231ABFB29A00EADCAF /* watermelon.png */ = {isa = PBXFileReference; lastKnownFileType = image.png; path = watermelon.png; sourceTree = "<group>"; };
/* End PBXFileReference section */

/* Begin PBXFrameworksBuildPhase section */
		2E05472A1ABF806800416976 /* Frameworks */ = {
			isa = PBXFrameworksBuildPhase;
			buildActionMask = 2147483647;
			files = (
			);
			runOnlyForDeploymentPostprocessing = 0;
		};
		2E0547421ABF806800416976 /* Frameworks */ = {
			isa = PBXFrameworksBuildPhase;
			buildActionMask = 2147483647;
			files = (
			);
			runOnlyForDeploymentPostprocessing = 0;
		};
/* End PBXFrameworksBuildPhase section */

/* Begin PBXGroup section */
		2E0547241ABF806800416976 = {
			isa = PBXGroup;
			children = (
				2E05472F1ABF806800416976 /* WordWorld */,
				2E0547481ABF806800416976 /* WordWorldTests */,
				2E05472E1ABF806800416976 /* Products */,
			);
			sourceTree = "<group>";
		};
		2E05472E1ABF806800416976 /* Products */ = {
			isa = PBXGroup;
			children = (
				2E05472D1ABF806800416976 /* WordWorld.app */,
				2E0547451ABF806800416976 /* WordWorldTests.xctest */,
			);
			name = Products;
			sourceTree = "<group>";
		};
		2E05472F1ABF806800416976 /* WordWorld */ = {
			isa = PBXGroup;
			children = (
				2E0547321ABF806800416976 /* AppDelegate.swift */,
				2E0547371ABF806800416976 /* ViewController.swift */,
				2EA071CF1ABFB1C300EADCAF /* CategoryViewController.swift */,
				2EA071961ABF985B00EADCAF /* WordGridViewController.swift */,
				2E0547391ABF806800416976 /* Main.storyboard */,
				2E05473C1ABF806800416976 /* Images.xcassets */,
				2E05473E1ABF806800416976 /* LaunchScreen.xib */,
				2E0547341ABF806800416976 /* WordWorld.xcdatamodeld */,
				2EA072081ABFB29A00EADCAF /* images */,
				2E0547301ABF806800416976 /* Supporting Files */,
			);
			path = WordWorld;
			sourceTree = "<group>";
		};
		2E0547301ABF806800416976 /* Supporting Files */ = {
			isa = PBXGroup;
			children = (
				2E0547311ABF806800416976 /* Info.plist */,
			);
			name = "Supporting Files";
			sourceTree = "<group>";
		};
		2E0547481ABF806800416976 /* WordWorldTests */ = {
			isa = PBXGroup;
			children = (
				2E05474B1ABF806800416976 /* WordWorldTests.swift */,
				2E0547491ABF806800416976 /* Supporting Files */,
			);
			path = WordWorldTests;
			sourceTree = "<group>";
		};
		2E0547491ABF806800416976 /* Supporting Files */ = {
			isa = PBXGroup;
			children = (
				2E05474A1ABF806800416976 /* Info.plist */,
			);
			name = "Supporting Files";
			sourceTree = "<group>";
		};
		2EA072081ABFB29A00EADCAF /* images */ = {
			isa = PBXGroup;
			children = (
				2EA072091ABFB29A00EADCAF /* backpack.png */,
				2EA0720A1ABFB29A00EADCAF /* break.png */,
				2EA0720B1ABFB29A00EADCAF /* brush.png */,
				2EA0720C1ABFB29A00EADCAF /* key.png */,
				2EA0720D1ABFB29A00EADCAF /* Kitten - Imagines thumbnail.png */,
				2EA0720E1ABFB29A00EADCAF /* knife.png */,
				2EA0720F1ABFB29A00EADCAF /* mirror.png */,
				2EA072101ABFB29A00EADCAF /* pick.png */,
				2EA072111ABFB29A00EADCAF /* plug.png */,
				2EA072121ABFB29A00EADCAF /* pocket.png */,
				2EA072131ABFB29A00EADCAF /* pour.png */,
				2EA072141ABFB29A00EADCAF /* rocket.png */,
				2EA072151ABFB29A00EADCAF /* saddle (maybe).png */,
				2EA072161ABFB29A00EADCAF /* scarf.png */,
				2EA072171ABFB29A00EADCAF /* schoolbus.png */,
				2EA072181ABFB29A00EADCAF /* screwdriver (tool).png */,
				2EA072191ABFB29A00EADCAF /* shovel.png */,
				2EA0721A1ABFB29A00EADCAF /* sign (stop).png */,
				2EA0721B1ABFB29A00EADCAF /* skateboard.png */,
				2EA0721C1ABFB29A00EADCAF /* slide.png */,
				2EA0721D1ABFB29A00EADCAF /* step.png */,
				2EA0721E1ABFB29A00EADCAF /* swing.png */,
				2EA0721F1ABFB29A00EADCAF /* throw (first draft).png */,
				2EA072201ABFB29A00EADCAF /* tomato.png */,
				2EA072211ABFB29A00EADCAF /* tricycle.png */,
				2EA072221ABFB29A00EADCAF /* wash.png */,
				2EA072231ABFB29A00EADCAF /* watermelon.png */,
			);
			path = images;
			sourceTree = "<group>";
		};
/* End PBXGroup section */

/* Begin PBXNativeTarget section */
		2E05472C1ABF806800416976 /* WordWorld */ = {
			isa = PBXNativeTarget;
			buildConfigurationList = 2E05474F1ABF806800416976 /* Build configuration list for PBXNativeTarget "WordWorld" */;
			buildPhases = (
				2E0547291ABF806800416976 /* Sources */,
				2E05472A1ABF806800416976 /* Frameworks */,
				2E05472B1ABF806800416976 /* Resources */,
			);
			buildRules = (
			);
			dependencies = (
			);
			name = WordWorld;
			productName = WordWorld;
			productReference = 2E05472D1ABF806800416976 /* WordWorld.app */;
			productType = "com.apple.product-type.application";
		};
		2E0547441ABF806800416976 /* WordWorldTests */ = {
			isa = PBXNativeTarget;
			buildConfigurationList = 2E0547521ABF806800416976 /* Build configuration list for PBXNativeTarget "WordWorldTests" */;
			buildPhases = (
				2E0547411ABF806800416976 /* Sources */,
				2E0547421ABF806800416976 /* Frameworks */,
				2E0547431ABF806800416976 /* Resources */,
			);
			buildRules = (
			);
			dependencies = (
				2E0547471ABF806800416976 /* PBXTargetDependency */,
			);
			name = WordWorldTests;
			productName = WordWorldTests;
			productReference = 2E0547451ABF806800416976 /* WordWorldTests.xctest */;
			productType = "com.apple.product-type.bundle.unit-test";
		};
/* End PBXNativeTarget section */

/* Begin PBXProject section */
		2E0547251ABF806800416976 /* Project object */ = {
			isa = PBXProject;
			attributes = {
				LastUpgradeCheck = 0620;
				ORGANIZATIONNAME = "Hear a Tale";
				TargetAttributes = {
					2E05472C1ABF806800416976 = {
						CreatedOnToolsVersion = 6.2;
						DevelopmentTeam = FZ89A5SZ7C;
					};
					2E0547441ABF806800416976 = {
						CreatedOnToolsVersion = 6.2;
						TestTargetID = 2E05472C1ABF806800416976;
					};
				};
			};
			buildConfigurationList = 2E0547281ABF806800416976 /* Build configuration list for PBXProject "WordWorld" */;
			compatibilityVersion = "Xcode 3.2";
			developmentRegion = English;
			hasScannedForEncodings = 0;
			knownRegions = (
				en,
				Base,
			);
			mainGroup = 2E0547241ABF806800416976;
			productRefGroup = 2E05472E1ABF806800416976 /* Products */;
			projectDirPath = "";
			projectRoot = "";
			targets = (
				2E05472C1ABF806800416976 /* WordWorld */,
				2E0547441ABF806800416976 /* WordWorldTests */,
			);
		};
/* End PBXProject section */

/* Begin PBXResourcesBuildPhase section */
		2E05472B1ABF806800416976 /* Resources */ = {
			isa = PBXResourcesBuildPhase;
			buildActionMask = 2147483647;
			files = (
				2EA0722D1ABFB29A00EADCAF /* pocket.png in Resources */,
				2EA0723E1ABFB29A00EADCAF /* watermelon.png in Resources */,
				2EA072301ABFB29A00EADCAF /* saddle (maybe).png in Resources */,
				2EA0723C1ABFB29A00EADCAF /* tricycle.png in Resources */,
				2EA0722A1ABFB29A00EADCAF /* mirror.png in Resources */,
				2EA0723B1ABFB29A00EADCAF /* tomato.png in Resources */,
				2EA072371ABFB29A00EADCAF /* slide.png in Resources */,
				2E05473B1ABF806800416976 /* Main.storyboard in Resources */,
				2EA0723D1ABFB29A00EADCAF /* wash.png in Resources */,
				2E0547401ABF806800416976 /* LaunchScreen.xib in Resources */,
				2EA0722B1ABFB29A00EADCAF /* pick.png in Resources */,
				2EA072261ABFB29A00EADCAF /* brush.png in Resources */,
				2EA0722F1ABFB29A00EADCAF /* rocket.png in Resources */,
				2E05473D1ABF806800416976 /* Images.xcassets in Resources */,
				2EA072331ABFB29A00EADCAF /* screwdriver (tool).png in Resources */,
				2EA072341ABFB29A00EADCAF /* shovel.png in Resources */,
				2EA072311ABFB29A00EADCAF /* scarf.png in Resources */,
				2EA0722E1ABFB29A00EADCAF /* pour.png in Resources */,
				2EA072291ABFB29A00EADCAF /* knife.png in Resources */,
				2EA072321ABFB29A00EADCAF /* schoolbus.png in Resources */,
				2EA072271ABFB29A00EADCAF /* key.png in Resources */,
				2EA072241ABFB29A00EADCAF /* backpack.png in Resources */,
				2EA0723A1ABFB29A00EADCAF /* throw (first draft).png in Resources */,
				2EA072391ABFB29A00EADCAF /* swing.png in Resources */,
				2EA072351ABFB29A00EADCAF /* sign (stop).png in Resources */,
				2EA072251ABFB29A00EADCAF /* break.png in Resources */,
				2EA072281ABFB29A00EADCAF /* Kitten - Imagines thumbnail.png in Resources */,
				2EA0722C1ABFB29A00EADCAF /* plug.png in Resources */,
				2EA072361ABFB29A00EADCAF /* skateboard.png in Resources */,
				2EA072381ABFB29A00EADCAF /* step.png in Resources */,
			);
			runOnlyForDeploymentPostprocessing = 0;
		};
		2E0547431ABF806800416976 /* Resources */ = {
			isa = PBXResourcesBuildPhase;
			buildActionMask = 2147483647;
			files = (
			);
			runOnlyForDeploymentPostprocessing = 0;
		};
/* End PBXResourcesBuildPhase section */

/* Begin PBXSourcesBuildPhase section */
		2E0547291ABF806800416976 /* Sources */ = {
			isa = PBXSourcesBuildPhase;
			buildActionMask = 2147483647;
			files = (
				2EA071971ABF985B00EADCAF /* WordGridViewController.swift in Sources */,
				2E0547381ABF806800416976 /* ViewController.swift in Sources */,
				2E0547361ABF806800416976 /* WordWorld.xcdatamodeld in Sources */,
				2EA071D01ABFB1C300EADCAF /* CategoryViewController.swift in Sources */,
				2E0547331ABF806800416976 /* AppDelegate.swift in Sources */,
			);
			runOnlyForDeploymentPostprocessing = 0;
		};
		2E0547411ABF806800416976 /* Sources */ = {
			isa = PBXSourcesBuildPhase;
			buildActionMask = 2147483647;
			files = (
				2E05474C1ABF806800416976 /* WordWorldTests.swift in Sources */,
			);
			runOnlyForDeploymentPostprocessing = 0;
		};
/* End PBXSourcesBuildPhase section */

/* Begin PBXTargetDependency section */
		2E0547471ABF806800416976 /* PBXTargetDependency */ = {
			isa = PBXTargetDependency;
			target = 2E05472C1ABF806800416976 /* WordWorld */;
			targetProxy = 2E0547461ABF806800416976 /* PBXContainerItemProxy */;
		};
/* End PBXTargetDependency section */

/* Begin PBXVariantGroup section */
		2E0547391ABF806800416976 /* Main.storyboard */ = {
			isa = PBXVariantGroup;
			children = (
				2E05473A1ABF806800416976 /* Base */,
			);
			name = Main.storyboard;
			sourceTree = "<group>";
		};
		2E05473E1ABF806800416976 /* LaunchScreen.xib */ = {
			isa = PBXVariantGroup;
			children = (
				2E05473F1ABF806800416976 /* Base */,
			);
			name = LaunchScreen.xib;
			sourceTree = "<group>";
		};
/* End PBXVariantGroup section */

/* Begin XCBuildConfiguration section */
		2E05474D1ABF806800416976 /* Debug */ = {
			isa = XCBuildConfiguration;
			buildSettings = {
				ALWAYS_SEARCH_USER_PATHS = NO;
				CLANG_CXX_LANGUAGE_STANDARD = "gnu++0x";
				CLANG_CXX_LIBRARY = "libc++";
				CLANG_ENABLE_MODULES = YES;
				CLANG_ENABLE_OBJC_ARC = YES;
				CLANG_WARN_BOOL_CONVERSION = YES;
				CLANG_WARN_CONSTANT_CONVERSION = YES;
				CLANG_WARN_DIRECT_OBJC_ISA_USAGE = YES_ERROR;
				CLANG_WARN_EMPTY_BODY = YES;
				CLANG_WARN_ENUM_CONVERSION = YES;
				CLANG_WARN_INT_CONVERSION = YES;
				CLANG_WARN_OBJC_ROOT_CLASS = YES_ERROR;
				CLANG_WARN_UNREACHABLE_CODE = YES;
				CLANG_WARN__DUPLICATE_METHOD_MATCH = YES;
				"CODE_SIGN_IDENTITY[sdk=iphoneos*]" = "iPhone Developer";
				COPY_PHASE_STRIP = NO;
				ENABLE_STRICT_OBJC_MSGSEND = YES;
				GCC_C_LANGUAGE_STANDARD = gnu99;
				GCC_DYNAMIC_NO_PIC = NO;
				GCC_OPTIMIZATION_LEVEL = 0;
				GCC_PREPROCESSOR_DEFINITIONS = (
					"DEBUG=1",
					"$(inherited)",
				);
				GCC_SYMBOLS_PRIVATE_EXTERN = NO;
				GCC_WARN_64_TO_32_BIT_CONVERSION = YES;
				GCC_WARN_ABOUT_RETURN_TYPE = YES_ERROR;
				GCC_WARN_UNDECLARED_SELECTOR = YES;
				GCC_WARN_UNINITIALIZED_AUTOS = YES_AGGRESSIVE;
				GCC_WARN_UNUSED_FUNCTION = YES;
				GCC_WARN_UNUSED_VARIABLE = YES;
				IPHONEOS_DEPLOYMENT_TARGET = 8.2;
				MTL_ENABLE_DEBUG_INFO = YES;
				ONLY_ACTIVE_ARCH = YES;
				SDKROOT = iphoneos;
				SWIFT_OPTIMIZATION_LEVEL = "-Onone";
				TARGETED_DEVICE_FAMILY = "1,2";
			};
			name = Debug;
		};
		2E05474E1ABF806800416976 /* Release */ = {
			isa = XCBuildConfiguration;
			buildSettings = {
				ALWAYS_SEARCH_USER_PATHS = NO;
				CLANG_CXX_LANGUAGE_STANDARD = "gnu++0x";
				CLANG_CXX_LIBRARY = "libc++";
				CLANG_ENABLE_MODULES = YES;
				CLANG_ENABLE_OBJC_ARC = YES;
				CLANG_WARN_BOOL_CONVERSION = YES;
				CLANG_WARN_CONSTANT_CONVERSION = YES;
				CLANG_WARN_DIRECT_OBJC_ISA_USAGE = YES_ERROR;
				CLANG_WARN_EMPTY_BODY = YES;
				CLANG_WARN_ENUM_CONVERSION = YES;
				CLANG_WARN_INT_CONVERSION = YES;
				CLANG_WARN_OBJC_ROOT_CLASS = YES_ERROR;
				CLANG_WARN_UNREACHABLE_CODE = YES;
				CLANG_WARN__DUPLICATE_METHOD_MATCH = YES;
				"CODE_SIGN_IDENTITY[sdk=iphoneos*]" = "iPhone Developer";
				COPY_PHASE_STRIP = NO;
				ENABLE_NS_ASSERTIONS = NO;
				ENABLE_STRICT_OBJC_MSGSEND = YES;
				GCC_C_LANGUAGE_STANDARD = gnu99;
				GCC_WARN_64_TO_32_BIT_CONVERSION = YES;
				GCC_WARN_ABOUT_RETURN_TYPE = YES_ERROR;
				GCC_WARN_UNDECLARED_SELECTOR = YES;
				GCC_WARN_UNINITIALIZED_AUTOS = YES_AGGRESSIVE;
				GCC_WARN_UNUSED_FUNCTION = YES;
				GCC_WARN_UNUSED_VARIABLE = YES;
				IPHONEOS_DEPLOYMENT_TARGET = 8.2;
				MTL_ENABLE_DEBUG_INFO = NO;
				SDKROOT = iphoneos;
				TARGETED_DEVICE_FAMILY = "1,2";
				VALIDATE_PRODUCT = YES;
			};
			name = Release;
		};
		2E0547501ABF806800416976 /* Debug */ = {
			isa = XCBuildConfiguration;
			buildSettings = {
				ASSETCATALOG_COMPILER_APPICON_NAME = AppIcon;
				CODE_SIGN_IDENTITY = "iPhone Developer";
				INFOPLIST_FILE = WordWorld/Info.plist;
				IPHONEOS_DEPLOYMENT_TARGET = 8.0;
				LD_RUNPATH_SEARCH_PATHS = "$(inherited) @executable_path/Frameworks";
				PRODUCT_NAME = "$(TARGET_NAME)";
			};
			name = Debug;
		};
		2E0547511ABF806800416976 /* Release */ = {
			isa = XCBuildConfiguration;
			buildSettings = {
				ASSETCATALOG_COMPILER_APPICON_NAME = AppIcon;
				CODE_SIGN_IDENTITY = "iPhone Developer";
				INFOPLIST_FILE = WordWorld/Info.plist;
				IPHONEOS_DEPLOYMENT_TARGET = 8.0;
				LD_RUNPATH_SEARCH_PATHS = "$(inherited) @executable_path/Frameworks";
				PRODUCT_NAME = "$(TARGET_NAME)";
			};
			name = Release;
		};
		2E0547531ABF806800416976 /* Debug */ = {
			isa = XCBuildConfiguration;
			buildSettings = {
				BUNDLE_LOADER = "$(TEST_HOST)";
				FRAMEWORK_SEARCH_PATHS = (
					"$(SDKROOT)/Developer/Library/Frameworks",
					"$(inherited)",
				);
				GCC_PREPROCESSOR_DEFINITIONS = (
					"DEBUG=1",
					"$(inherited)",
				);
				INFOPLIST_FILE = WordWorldTests/Info.plist;
				LD_RUNPATH_SEARCH_PATHS = "$(inherited) @executable_path/Frameworks @loader_path/Frameworks";
				PRODUCT_NAME = "$(TARGET_NAME)";
				TEST_HOST = "$(BUILT_PRODUCTS_DIR)/WordWorld.app/WordWorld";
			};
			name = Debug;
		};
		2E0547541ABF806800416976 /* Release */ = {
			isa = XCBuildConfiguration;
			buildSettings = {
				BUNDLE_LOADER = "$(TEST_HOST)";
				FRAMEWORK_SEARCH_PATHS = (
					"$(SDKROOT)/Developer/Library/Frameworks",
					"$(inherited)",
				);
				INFOPLIST_FILE = WordWorldTests/Info.plist;
				LD_RUNPATH_SEARCH_PATHS = "$(inherited) @executable_path/Frameworks @loader_path/Frameworks";
				PRODUCT_NAME = "$(TARGET_NAME)";
				TEST_HOST = "$(BUILT_PRODUCTS_DIR)/WordWorld.app/WordWorld";
			};
			name = Release;
		};
/* End XCBuildConfiguration section */

/* Begin XCConfigurationList section */
		2E0547281ABF806800416976 /* Build configuration list for PBXProject "WordWorld" */ = {
			isa = XCConfigurationList;
			buildConfigurations = (
				2E05474D1ABF806800416976 /* Debug */,
				2E05474E1ABF806800416976 /* Release */,
			);
			defaultConfigurationIsVisible = 0;
			defaultConfigurationName = Release;
		};
		2E05474F1ABF806800416976 /* Build configuration list for PBXNativeTarget "WordWorld" */ = {
			isa = XCConfigurationList;
			buildConfigurations = (
				2E0547501ABF806800416976 /* Debug */,
				2E0547511ABF806800416976 /* Release */,
			);
			defaultConfigurationIsVisible = 0;
			defaultConfigurationName = Release;
		};
		2E0547521ABF806800416976 /* Build configuration list for PBXNativeTarget "WordWorldTests" */ = {
			isa = XCConfigurationList;
			buildConfigurations = (
				2E0547531ABF806800416976 /* Debug */,
				2E0547541ABF806800416976 /* Release */,
			);
			defaultConfigurationIsVisible = 0;
			defaultConfigurationName = Release;
		};
/* End XCConfigurationList section */

/* Begin XCVersionGroup section */
		2E0547341ABF806800416976 /* WordWorld.xcdatamodeld */ = {
			isa = XCVersionGroup;
			children = (
				2E0547351ABF806800416976 /* WordWorld.xcdatamodel */,
			);
			currentVersion = 2E0547351ABF806800416976 /* WordWorld.xcdatamodel */;
			path = WordWorld.xcdatamodeld;
			sourceTree = "<group>";
			versionGroupType = wrapper.xcdatamodel;
		};
/* End XCVersionGroup section */
	};
	rootObject = 2E0547251ABF806800416976 /* Project object */;
}
